
Microsoft Visual Studio Solution File, Format Version 12.00
# Visual Studio Version 16
VisualStudioVersion = 16.0.31229.75
MinimumVisualStudioVersion = 10.0.40219.1
Project("{FAE04EC0-301F-11D3-BF4B-00C04F79EFBC}") = "TestMakerWeb", "TestMakerWeb\TestMakerWeb.csproj", "{784BCE72-7590-4B9A-8DFE-E6AF09E02702}"
EndProject
Global
	GlobalSection(SolutionConfigurationPlatforms) = preSolution
		Debug|Any CPU = Debug|Any CPU
		Release|Any CPU = Release|Any CPU
	EndGlobalSection
	GlobalSection(ProjectConfigurationPlatforms) = postSolution
		{784BCE72-7590-4B9A-8DFE-E6AF09E02702}.Debug|Any CPU.ActiveCfg = Debug|Any CPU
		{784BCE72-7590-4B9A-8DFE-E6AF09E02702}.Debug|Any CPU.Build.0 = Debug|Any CPU
		{784BCE72-7590-4B9A-8DFE-E6AF09E02702}.Release|Any CPU.ActiveCfg = Release|Any CPU
		{784BCE72-7590-4B9A-8DFE-E6AF09E02702}.Release|Any CPU.Build.0 = Release|Any CPU
	EndGlobalSection
	GlobalSection(SolutionProperties) = preSolution
		HideSolutionNode = FALSE
	EndGlobalSection
	GlobalSection(ExtensibilityGlobals) = postSolution
		SolutionGuid = {37759550-D09B-4E9F-8649-610DD8AFDC74}
	EndGlobalSection
EndGlobal
